
Microsoft Visual Studio Solution File, Format Version 12.00
# Visual Studio 15
VisualStudioVersion = 15.0.28307.1022
MinimumVisualStudioVersion = 10.0.40219.1
Project("{FAE04EC0-301F-11D3-BF4B-00C04F79EFBC}") = "LicenseKey", "LicenseKey\LicenseKey.csproj", "{B428986B-3015-4263-9E4A-6BF19E984FAF}"
EndProject
Global
	GlobalSection(SolutionConfigurationPlatforms) = preSolution
		Debug|Any CPU = Debug|Any CPU
		Release|Any CPU = Release|Any CPU
	EndGlobalSection
	GlobalSection(ProjectConfigurationPlatforms) = postSolution
		{B428986B-3015-4263-9E4A-6BF19E984FAF}.Debug|Any CPU.ActiveCfg = Debug|Any CPU
		{B428986B-3015-4263-9E4A-6BF19E984FAF}.Debug|Any CPU.Build.0 = Debug|Any CPU
		{B428986B-3015-4263-9E4A-6BF19E984FAF}.Release|Any CPU.ActiveCfg = Release|Any CPU
		{B428986B-3015-4263-9E4A-6BF19E984FAF}.Release|Any CPU.Build.0 = Release|Any CPU
	EndGlobalSection
	GlobalSection(SolutionProperties) = preSolution
		HideSolutionNode = FALSE
	EndGlobalSection
	GlobalSection(ExtensibilityGlobals) = postSolution
		SolutionGuid = {2B020293-4169-4230-AB5A-B00969F754E9}
	EndGlobalSection
EndGlobal
